// !$*UTF8*$!
{
	archiveVersion = 1;
	classes = {
	};
	objectVersion = 56;
	objects = {

/* Begin PBXBuildFile section */
		B67360F92B32ED000049C906 /* SimpleAppApp.swift in Sources */ = {isa = PBXBuildFile; fileRef = B67360F82B32ED000049C906 /* SimpleAppApp.swift */; };
		B67360FB2B32ED000049C906 /* ContentView.swift in Sources */ = {isa = PBXBuildFile; fileRef = B67360FA2B32ED000049C906 /* ContentView.swift */; };
		B67360FD2B32ED010049C906 /* Assets.xcassets in Resources */ = {isa = PBXBuildFile; fileRef = B67360FC2B32ED010049C906 /* Assets.xcassets */; };
		B67361002B32ED010049C906 /* Preview Assets.xcassets in Resources */ = {isa = PBXBuildFile; fileRef = B67360FF2B32ED010049C906 /* Preview Assets.xcassets */; };
		B673610A2B32ED010049C906 /* SimpleAppTests.swift in Sources */ = {isa = PBXBuildFile; fileRef = B67361092B32ED010049C906 /* SimpleAppTests.swift */; };
		B67361142B32ED010049C906 /* SimpleAppUITests.swift in Sources */ = {isa = PBXBuildFile; fileRef = B67361132B32ED010049C906 /* SimpleAppUITests.swift */; };
		B67361162B32ED010049C906 /* SimpleAppUITestsLaunchTests.swift in Sources */ = {isa = PBXBuildFile; fileRef = B67361152B32ED010049C906 /* SimpleAppUITestsLaunchTests.swift */; };
		B67361232B32ED640049C906 /* Posts.swift in Sources */ = {isa = PBXBuildFile; fileRef = B67361222B32ED640049C906 /* Posts.swift */; };
		B67361252B32EDA70049C906 /* PostsViewModel.swift in Sources */ = {isa = PBXBuildFile; fileRef = B67361242B32EDA70049C906 /* PostsViewModel.swift */; };
/* End PBXBuildFile section */

/* Begin PBXContainerItemProxy section */
		B67361062B32ED010049C906 /* PBXContainerItemProxy */ = {
			isa = PBXContainerItemProxy;
			containerPortal = B67360ED2B32ED000049C906 /* Project object */;
			proxyType = 1;
			remoteGlobalIDString = B67360F42B32ED000049C906;
			remoteInfo = SimpleApp;
		};
		B67361102B32ED010049C906 /* PBXContainerItemProxy */ = {
			isa = PBXContainerItemProxy;
			containerPortal = B67360ED2B32ED000049C906 /* Project object */;
			proxyType = 1;
			remoteGlobalIDString = B67360F42B32ED000049C906;
			remoteInfo = SimpleApp;
		};
/* End PBXContainerItemProxy section */

/* Begin PBXFileReference section */
		B67360F52B32ED000049C906 /* SimpleApp.app */ = {isa = PBXFileReference; explicitFileType = wrapper.application; includeInIndex = 0; path = SimpleApp.app; sourceTree = BUILT_PRODUCTS_DIR; };
		B67360F82B32ED000049C906 /* SimpleAppApp.swift */ = {isa = PBXFileReference; lastKnownFileType = sourcecode.swift; path = SimpleAppApp.swift; sourceTree = "<group>"; };
		B67360FA2B32ED000049C906 /* ContentView.swift */ = {isa = PBXFileReference; lastKnownFileType = sourcecode.swift; path = ContentView.swift; sourceTree = "<group>"; };
		B67360FC2B32ED010049C906 /* Assets.xcassets */ = {isa = PBXFileReference; lastKnownFileType = folder.assetcatalog; path = Assets.xcassets; sourceTree = "<group>"; };
		B67360FF2B32ED010049C906 /* Preview Assets.xcassets */ = {isa = PBXFileReference; lastKnownFileType = folder.assetcatalog; path = "Preview Assets.xcassets"; sourceTree = "<group>"; };
		B67361052B32ED010049C906 /* SimpleAppTests.xctest */ = {isa = PBXFileReference; explicitFileType = wrapper.cfbundle; includeInIndex = 0; path = SimpleAppTests.xctest; sourceTree = BUILT_PRODUCTS_DIR; };
		B67361092B32ED010049C906 /* SimpleAppTests.swift */ = {isa = PBXFileReference; lastKnownFileType = sourcecode.swift; path = SimpleAppTests.swift; sourceTree = "<group>"; };
		B673610F2B32ED010049C906 /* SimpleAppUITests.xctest */ = {isa = PBXFileReference; explicitFileType = wrapper.cfbundle; includeInIndex = 0; path = SimpleAppUITests.xctest; sourceTree = BUILT_PRODUCTS_DIR; };
		B67361132B32ED010049C906 /* SimpleAppUITests.swift */ = {isa = PBXFileReference; lastKnownFileType = sourcecode.swift; path = SimpleAppUITests.swift; sourceTree = "<group>"; };
		B67361152B32ED010049C906 /* SimpleAppUITestsLaunchTests.swift */ = {isa = PBXFileReference; lastKnownFileType = sourcecode.swift; path = SimpleAppUITestsLaunchTests.swift; sourceTree = "<group>"; };
		B67361222B32ED640049C906 /* Posts.swift */ = {isa = PBXFileReference; lastKnownFileType = sourcecode.swift; path = Posts.swift; sourceTree = "<group>"; };
		B67361242B32EDA70049C906 /* PostsViewModel.swift */ = {isa = PBXFileReference; lastKnownFileType = sourcecode.swift; path = PostsViewModel.swift; sourceTree = "<group>"; };
/* End PBXFileReference section */

/* Begin PBXFrameworksBuildPhase section */
		B67360F22B32ED000049C906 /* Frameworks */ = {
			isa = PBXFrameworksBuildPhase;
			buildActionMask = 2147483647;
			files = (
			);
			runOnlyForDeploymentPostprocessing = 0;
		};
		B67361022B32ED010049C906 /* Frameworks */ = {
			isa = PBXFrameworksBuildPhase;
			buildActionMask = 2147483647;
			files = (
			);
			runOnlyForDeploymentPostprocessing = 0;
		};
		B673610C2B32ED010049C906 /* Frameworks */ = {
			isa = PBXFrameworksBuildPhase;
			buildActionMask = 2147483647;
			files = (
			);
			runOnlyForDeploymentPostprocessing = 0;
		};
/* End PBXFrameworksBuildPhase section */

/* Begin PBXGroup section */
		B67360EC2B32ED000049C906 = {
			isa = PBXGroup;
			children = (
				B67360F72B32ED000049C906 /* SimpleApp */,
				B67361082B32ED010049C906 /* SimpleAppTests */,
				B67361122B32ED010049C906 /* SimpleAppUITests */,
				B67360F62B32ED000049C906 /* Products */,
			);
			sourceTree = "<group>";
		};
		B67360F62B32ED000049C906 /* Products */ = {
			isa = PBXGroup;
			children = (
				B67360F52B32ED000049C906 /* SimpleApp.app */,
				B67361052B32ED010049C906 /* SimpleAppTests.xctest */,
				B673610F2B32ED010049C906 /* SimpleAppUITests.xctest */,
			);
			name = Products;
			sourceTree = "<group>";
		};
		B67360F72B32ED000049C906 /* SimpleApp */ = {
			isa = PBXGroup;
			children = (
				B67360F82B32ED000049C906 /* SimpleAppApp.swift */,
				B67360FA2B32ED000049C906 /* ContentView.swift */,
				B67360FC2B32ED010049C906 /* Assets.xcassets */,
				B67360FE2B32ED010049C906 /* Preview Content */,
				B67361222B32ED640049C906 /* Posts.swift */,
				B67361242B32EDA70049C906 /* PostsViewModel.swift */,
			);
			path = SimpleApp;
			sourceTree = "<group>";
		};
		B67360FE2B32ED010049C906 /* Preview Content */ = {
			isa = PBXGroup;
			children = (
				B67360FF2B32ED010049C906 /* Preview Assets.xcassets */,
			);
			path = "Preview Content";
			sourceTree = "<group>";
		};
		B67361082B32ED010049C906 /* SimpleAppTests */ = {
			isa = PBXGroup;
			children = (
				B67361092B32ED010049C906 /* SimpleAppTests.swift */,
			);
			path = SimpleAppTests;
			sourceTree = "<group>";
		};
		B67361122B32ED010049C906 /* SimpleAppUITests */ = {
			isa = PBXGroup;
			children = (
				B67361132B32ED010049C906 /* SimpleAppUITests.swift */,
				B67361152B32ED010049C906 /* SimpleAppUITestsLaunchTests.swift */,
			);
			path = SimpleAppUITests;
			sourceTree = "<group>";
		};
/* End PBXGroup section */

/* Begin PBXNativeTarget section */
		B67360F42B32ED000049C906 /* SimpleApp */ = {
			isa = PBXNativeTarget;
			buildConfigurationList = B67361192B32ED010049C906 /* Build configuration list for PBXNativeTarget "SimpleApp" */;
			buildPhases = (
				B67360F12B32ED000049C906 /* Sources */,
				B67360F22B32ED000049C906 /* Frameworks */,
				B67360F32B32ED000049C906 /* Resources */,
			);
			buildRules = (
			);
			dependencies = (
			);
			name = SimpleApp;
			packageProductDependencies = (
			);
			productName = SimpleApp;
			productReference = B67360F52B32ED000049C906 /* SimpleApp.app */;
			productType = "com.apple.product-type.application";
		};
		B67361042B32ED010049C906 /* SimpleAppTests */ = {
			isa = PBXNativeTarget;
			buildConfigurationList = B673611C2B32ED010049C906 /* Build configuration list for PBXNativeTarget "SimpleAppTests" */;
			buildPhases = (
				B67361012B32ED010049C906 /* Sources */,
				B67361022B32ED010049C906 /* Frameworks */,
				B67361032B32ED010049C906 /* Resources */,
			);
			buildRules = (
			);
			dependencies = (
				B67361072B32ED010049C906 /* PBXTargetDependency */,
			);
			name = SimpleAppTests;
			productName = SimpleAppTests;
			productReference = B67361052B32ED010049C906 /* SimpleAppTests.xctest */;
			productType = "com.apple.product-type.bundle.unit-test";
		};
		B673610E2B32ED010049C906 /* SimpleAppUITests */ = {
			isa = PBXNativeTarget;
			buildConfigurationList = B673611F2B32ED010049C906 /* Build configuration list for PBXNativeTarget "SimpleAppUITests" */;
			buildPhases = (
				B673610B2B32ED010049C906 /* Sources */,
				B673610C2B32ED010049C906 /* Frameworks */,
				B673610D2B32ED010049C906 /* Resources */,
			);
			buildRules = (
			);
			dependencies = (
				B67361112B32ED010049C906 /* PBXTargetDependency */,
			);
			name = SimpleAppUITests;
			productName = SimpleAppUITests;
			productReference = B673610F2B32ED010049C906 /* SimpleAppUITests.xctest */;
			productType = "com.apple.product-type.bundle.ui-testing";
		};
/* End PBXNativeTarget section */

/* Begin PBXProject section */
		B67360ED2B32ED000049C906 /* Project object */ = {
			isa = PBXProject;
			attributes = {
				BuildIndependentTargetsInParallel = 1;
				LastSwiftUpdateCheck = 1500;
				LastUpgradeCheck = 1500;
				TargetAttributes = {
					B67360F42B32ED000049C906 = {
						CreatedOnToolsVersion = 15.0.1;
					};
					B67361042B32ED010049C906 = {
						CreatedOnToolsVersion = 15.0.1;
						TestTargetID = B67360F42B32ED000049C906;
					};
					B673610E2B32ED010049C906 = {
						CreatedOnToolsVersion = 15.0.1;
						TestTargetID = B67360F42B32ED000049C906;
					};
				};
			};
			buildConfigurationList = B67360F02B32ED000049C906 /* Build configuration list for PBXProject "SimpleApp" */;
			compatibilityVersion = "Xcode 14.0";
			developmentRegion = en;
			hasScannedForEncodings = 0;
			knownRegions = (
				en,
				Base,
			);
			mainGroup = B67360EC2B32ED000049C906;
			packageReferences = (
			);
			productRefGroup = B67360F62B32ED000049C906 /* Products */;
			projectDirPath = "";
			projectRoot = "";
			targets = (
				B67360F42B32ED000049C906 /* SimpleApp */,
				B67361042B32ED010049C906 /* SimpleAppTests */,
				B673610E2B32ED010049C906 /* SimpleAppUITests */,
			);
		};
/* End PBXProject section */

/* Begin PBXResourcesBuildPhase section */
		B67360F32B32ED000049C906 /* Resources */ = {
			isa = PBXResourcesBuildPhase;
			buildActionMask = 2147483647;
			files = (
				B67361002B32ED010049C906 /* Preview Assets.xcassets in Resources */,
				B67360FD2B32ED010049C906 /* Assets.xcassets in Resources */,
			);
			runOnlyForDeploymentPostprocessing = 0;
		};
		B67361032B32ED010049C906 /* Resources */ = {
			isa = PBXResourcesBuildPhase;
			buildActionMask = 2147483647;
			files = (
			);
			runOnlyForDeploymentPostprocessing = 0;
		};
		B673610D2B32ED010049C906 /* Resources */ = {
			isa = PBXResourcesBuildPhase;
			buildActionMask = 2147483647;
			files = (
			);
			runOnlyForDeploymentPostprocessing = 0;
		};
/* End PBXResourcesBuildPhase section */

/* Begin PBXSourcesBuildPhase section */
		B67360F12B32ED000049C906 /* Sources */ = {
			isa = PBXSourcesBuildPhase;
			buildActionMask = 2147483647;
			files = (
				B67361252B32EDA70049C906 /* PostsViewModel.swift in Sources */,
				B67360FB2B32ED000049C906 /* ContentView.swift in Sources */,
				B67361232B32ED640049C906 /* Posts.swift in Sources */,
				B67360F92B32ED000049C906 /* SimpleAppApp.swift in Sources */,
			);
			runOnlyForDeploymentPostprocessing = 0;
		};
		B67361012B32ED010049C906 /* Sources */ = {
			isa = PBXSourcesBuildPhase;
			buildActionMask = 2147483647;
			files = (
				B673610A2B32ED010049C906 /* SimpleAppTests.swift in Sources */,
			);
			runOnlyForDeploymentPostprocessing = 0;
		};
		B673610B2B32ED010049C906 /* Sources */ = {
			isa = PBXSourcesBuildPhase;
			buildActionMask = 2147483647;
			files = (
				B67361162B32ED010049C906 /* SimpleAppUITestsLaunchTests.swift in Sources */,
				B67361142B32ED010049C906 /* SimpleAppUITests.swift in Sources */,
			);
			runOnlyForDeploymentPostprocessing = 0;
		};
/* End PBXSourcesBuildPhase section */

/* Begin PBXTargetDependency section */
		B67361072B32ED010049C906 /* PBXTargetDependency */ = {
			isa = PBXTargetDependency;
			target = B67360F42B32ED000049C906 /* SimpleApp */;
			targetProxy = B67361062B32ED010049C906 /* PBXContainerItemProxy */;
		};
		B67361112B32ED010049C906 /* PBXTargetDependency */ = {
			isa = PBXTargetDependency;
			target = B67360F42B32ED000049C906 /* SimpleApp */;
			targetProxy = B67361102B32ED010049C906 /* PBXContainerItemProxy */;
		};
/* End PBXTargetDependency section */

/* Begin XCBuildConfiguration section */
		B67361172B32ED010049C906 /* Debug */ = {
			isa = XCBuildConfiguration;
			buildSettings = {
				ALWAYS_SEARCH_USER_PATHS = NO;
				ASSETCATALOG_COMPILER_GENERATE_SWIFT_ASSET_SYMBOL_EXTENSIONS = YES;
				CLANG_ANALYZER_NONNULL = YES;
				CLANG_ANALYZER_NUMBER_OBJECT_CONVERSION = YES_AGGRESSIVE;
				CLANG_CXX_LANGUAGE_STANDARD = "gnu++20";
				CLANG_ENABLE_MODULES = YES;
				CLANG_ENABLE_OBJC_ARC = YES;
				CLANG_ENABLE_OBJC_WEAK = YES;
				CLANG_WARN_BLOCK_CAPTURE_AUTORELEASING = YES;
				CLANG_WARN_BOOL_CONVERSION = YES;
				CLANG_WARN_COMMA = YES;
				CLANG_WARN_CONSTANT_CONVERSION = YES;
				CLANG_WARN_DEPRECATED_OBJC_IMPLEMENTATIONS = YES;
				CLANG_WARN_DIRECT_OBJC_ISA_USAGE = YES_ERROR;
				CLANG_WARN_DOCUMENTATION_COMMENTS = YES;
				CLANG_WARN_EMPTY_BODY = YES;
				CLANG_WARN_ENUM_CONVERSION = YES;
				CLANG_WARN_INFINITE_RECURSION = YES;
				CLANG_WARN_INT_CONVERSION = YES;
				CLANG_WARN_NON_LITERAL_NULL_CONVERSION = YES;
				CLANG_WARN_OBJC_IMPLICIT_RETAIN_SELF = YES;
				CLANG_WARN_OBJC_LITERAL_CONVERSION = YES;
				CLANG_WARN_OBJC_ROOT_CLASS = YES_ERROR;
				CLANG_WARN_QUOTED_INCLUDE_IN_FRAMEWORK_HEADER = YES;
				CLANG_WARN_RANGE_LOOP_ANALYSIS = YES;
				CLANG_WARN_STRICT_PROTOTYPES = YES;
				CLANG_WARN_SUSPICIOUS_MOVE = YES;
				CLANG_WARN_UNGUARDED_AVAILABILITY = YES_AGGRESSIVE;
				CLANG_WARN_UNREACHABLE_CODE = YES;
				CLANG_WARN__DUPLICATE_METHOD_MATCH = YES;
				COPY_PHASE_STRIP = NO;
				DEBUG_INFORMATION_FORMAT = dwarf;
				ENABLE_STRICT_OBJC_MSGSEND = YES;
				ENABLE_TESTABILITY = YES;
				ENABLE_USER_SCRIPT_SANDBOXING = YES;
				GCC_C_LANGUAGE_STANDARD = gnu17;
				GCC_DYNAMIC_NO_PIC = NO;
				GCC_NO_COMMON_BLOCKS = YES;
				GCC_OPTIMIZATION_LEVEL = 0;
				GCC_PREPROCESSOR_DEFINITIONS = (
					"DEBUG=1",
					"$(inherited)",
				);
				GCC_WARN_64_TO_32_BIT_CONVERSION = YES;
				GCC_WARN_ABOUT_RETURN_TYPE = YES_ERROR;
				GCC_WARN_UNDECLARED_SELECTOR = YES;
				GCC_WARN_UNINITIALIZED_AUTOS = YES_AGGRESSIVE;
				GCC_WARN_UNUSED_FUNCTION = YES;
				GCC_WARN_UNUSED_VARIABLE = YES;
				IPHONEOS_DEPLOYMENT_TARGET = 17.0;
				LOCALIZATION_PREFERS_STRING_CATALOGS = YES;
				MTL_ENABLE_DEBUG_INFO = INCLUDE_SOURCE;
				MTL_FAST_MATH = YES;
				ONLY_ACTIVE_ARCH = YES;
				SDKROOT = iphoneos;
				SWIFT_ACTIVE_COMPILATION_CONDITIONS = "DEBUG $(inherited)";
				SWIFT_OPTIMIZATION_LEVEL = "-Onone";
			};
			name = Debug;
		};
		B67361182B32ED010049C906 /* Release */ = {
			isa = XCBuildConfiguration;
			buildSettings = {
				ALWAYS_SEARCH_USER_PATHS = NO;
				ASSETCATALOG_COMPILER_GENERATE_SWIFT_ASSET_SYMBOL_EXTENSIONS = YES;
				CLANG_ANALYZER_NONNULL = YES;
				CLANG_ANALYZER_NUMBER_OBJECT_CONVERSION = YES_AGGRESSIVE;
				CLANG_CXX_LANGUAGE_STANDARD = "gnu++20";
				CLANG_ENABLE_MODULES = YES;
				CLANG_ENABLE_OBJC_ARC = YES;
				CLANG_ENABLE_OBJC_WEAK = YES;
				CLANG_WARN_BLOCK_CAPTURE_AUTORELEASING = YES;
				CLANG_WARN_BOOL_CONVERSION = YES;
				CLANG_WARN_COMMA = YES;
				CLANG_WARN_CONSTANT_CONVERSION = YES;
				CLANG_WARN_DEPRECATED_OBJC_IMPLEMENTATIONS = YES;
				CLANG_WARN_DIRECT_OBJC_ISA_USAGE = YES_ERROR;
				CLANG_WARN_DOCUMENTATION_COMMENTS = YES;
				CLANG_WARN_EMPTY_BODY = YES;
				CLANG_WARN_ENUM_CONVERSION = YES;
				CLANG_WARN_INFINITE_RECURSION = YES;
				CLANG_WARN_INT_CONVERSION = YES;
				CLANG_WARN_NON_LITERAL_NULL_CONVERSION = YES;
				CLANG_WARN_OBJC_IMPLICIT_RETAIN_SELF = YES;
				CLANG_WARN_OBJC_LITERAL_CONVERSION = YES;
				CLANG_WARN_OBJC_ROOT_CLASS = YES_ERROR;
				CLANG_WARN_QUOTED_INCLUDE_IN_FRAMEWORK_HEADER = YES;
				CLANG_WARN_RANGE_LOOP_ANALYSIS = YES;
				CLANG_WARN_STRICT_PROTOTYPES = YES;
				CLANG_WARN_SUSPICIOUS_MOVE = YES;
				CLANG_WARN_UNGUARDED_AVAILABILITY = YES_AGGRESSIVE;
				CLANG_WARN_UNREACHABLE_CODE = YES;
				CLANG_WARN__DUPLICATE_METHOD_MATCH = YES;
				COPY_PHASE_STRIP = NO;
				DEBUG_INFORMATION_FORMAT = "dwarf-with-dsym";
				ENABLE_NS_ASSERTIONS = NO;
				ENABLE_STRICT_OBJC_MSGSEND = YES;
				ENABLE_USER_SCRIPT_SANDBOXING = YES;
				GCC_C_LANGUAGE_STANDARD = gnu17;
				GCC_NO_COMMON_BLOCKS = YES;
				GCC_WARN_64_TO_32_BIT_CONVERSION = YES;
				GCC_WARN_ABOUT_RETURN_TYPE = YES_ERROR;
				GCC_WARN_UNDECLARED_SELECTOR = YES;
				GCC_WARN_UNINITIALIZED_AUTOS = YES_AGGRESSIVE;
				GCC_WARN_UNUSED_FUNCTION = YES;
				GCC_WARN_UNUSED_VARIABLE = YES;
				IPHONEOS_DEPLOYMENT_TARGET = 17.0;
				LOCALIZATION_PREFERS_STRING_CATALOGS = YES;
				MTL_ENABLE_DEBUG_INFO = NO;
				MTL_FAST_MATH = YES;
				SDKROOT = iphoneos;
				SWIFT_COMPILATION_MODE = wholemodule;
				VALIDATE_PRODUCT = YES;
			};
			name = Release;
		};
		B673611A2B32ED010049C906 /* Debug */ = {
			isa = XCBuildConfiguration;
			buildSettings = {
				ASSETCATALOG_COMPILER_APPICON_NAME = AppIcon;
				ASSETCATALOG_COMPILER_GLOBAL_ACCENT_COLOR_NAME = AccentColor;
				CODE_SIGN_STYLE = Automatic;
				CURRENT_PROJECT_VERSION = 1;
				DEVELOPMENT_ASSET_PATHS = "\"SimpleApp/Preview Content\"";
				ENABLE_PREVIEWS = YES;
				GENERATE_INFOPLIST_FILE = YES;
				INFOPLIST_KEY_UIApplicationSceneManifest_Generation = YES;
				INFOPLIST_KEY_UIApplicationSupportsIndirectInputEvents = YES;
				INFOPLIST_KEY_UILaunchScreen_Generation = YES;
				INFOPLIST_KEY_UISupportedInterfaceOrientations_iPad = "UIInterfaceOrientationPortrait UIInterfaceOrientationPortraitUpsideDown UIInterfaceOrientationLandscapeLeft UIInterfaceOrientationLandscapeRight";
				INFOPLIST_KEY_UISupportedInterfaceOrientations_iPhone = "UIInterfaceOrientationPortrait UIInterfaceOrientationLandscapeLeft UIInterfaceOrientationLandscapeRight";
				LD_RUNPATH_SEARCH_PATHS = (
					"$(inherited)",
					"@executable_path/Frameworks",
				);
				MARKETING_VERSION = 1.0;
				PRODUCT_BUNDLE_IDENTIFIER = com.jonathanwager.SimpleApp;
				PRODUCT_NAME = "$(TARGET_NAME)";
				SWIFT_EMIT_LOC_STRINGS = YES;
				SWIFT_VERSION = 5.0;
				TARGETED_DEVICE_FAMILY = "1,2";
			};
			name = Debug;
		};
		B673611B2B32ED010049C906 /* Release */ = {
			isa = XCBuildConfiguration;
			buildSettings = {
				ASSETCATALOG_COMPILER_APPICON_NAME = AppIcon;
				ASSETCATALOG_COMPILER_GLOBAL_ACCENT_COLOR_NAME = AccentColor;
				CODE_SIGN_STYLE = Automatic;
				CURRENT_PROJECT_VERSION = 1;
				DEVELOPMENT_ASSET_PATHS = "\"SimpleApp/Preview Content\"";
				ENABLE_PREVIEWS = YES;
				GENERATE_INFOPLIST_FILE = YES;
				INFOPLIST_KEY_UIApplicationSceneManifest_Generation = YES;
				INFOPLIST_KEY_UIApplicationSupportsIndirectInputEvents = YES;
				INFOPLIST_KEY_UILaunchScreen_Generation = YES;
				INFOPLIST_KEY_UISupportedInterfaceOrientations_iPad = "UIInterfaceOrientationPortrait UIInterfaceOrientationPortraitUpsideDown UIInterfaceOrientationLandscapeLeft UIInterfaceOrientationLandscapeRight";
				INFOPLIST_KEY_UISupportedInterfaceOrientations_iPhone = "UIInterfaceOrientationPortrait UIInterfaceOrientationLandscapeLeft UIInterfaceOrientationLandscapeRight";
				LD_RUNPATH_SEARCH_PATHS = (
					"$(inherited)",
					"@executable_path/Frameworks",
				);
				MARKETING_VERSION = 1.0;
				PRODUCT_BUNDLE_IDENTIFIER = com.jonathanwager.SimpleApp;
				PRODUCT_NAME = "$(TARGET_NAME)";
				SWIFT_EMIT_LOC_STRINGS = YES;
				SWIFT_VERSION = 5.0;
				TARGETED_DEVICE_FAMILY = "1,2";
			};
			name = Release;
		};
		B673611D2B32ED010049C906 /* Debug */ = {
			isa = XCBuildConfiguration;
			buildSettings = {
				ALWAYS_EMBED_SWIFT_STANDARD_LIBRARIES = YES;
				BUNDLE_LOADER = "$(TEST_HOST)";
				CODE_SIGN_STYLE = Automatic;
				CURRENT_PROJECT_VERSION = 1;
				GENERATE_INFOPLIST_FILE = YES;
				IPHONEOS_DEPLOYMENT_TARGET = 17.0;
				MARKETING_VERSION = 1.0;
				PRODUCT_BUNDLE_IDENTIFIER = com.jonathanwager.SimpleAppTests;
				PRODUCT_NAME = "$(TARGET_NAME)";
				SWIFT_EMIT_LOC_STRINGS = NO;
				SWIFT_VERSION = 5.0;
				TARGETED_DEVICE_FAMILY = "1,2";
				TEST_HOST = "$(BUILT_PRODUCTS_DIR)/SimpleApp.app/$(BUNDLE_EXECUTABLE_FOLDER_PATH)/SimpleApp";
			};
			name = Debug;
		};
		B673611E2B32ED010049C906 /* Release */ = {
			isa = XCBuildConfiguration;
			buildSettings = {
				ALWAYS_EMBED_SWIFT_STANDARD_LIBRARIES = YES;
				BUNDLE_LOADER = "$(TEST_HOST)";
				CODE_SIGN_STYLE = Automatic;
				CURRENT_PROJECT_VERSION = 1;
				GENERATE_INFOPLIST_FILE = YES;
				IPHONEOS_DEPLOYMENT_TARGET = 17.0;
				MARKETING_VERSION = 1.0;
				PRODUCT_BUNDLE_IDENTIFIER = com.jonathanwager.SimpleAppTests;
				PRODUCT_NAME = "$(TARGET_NAME)";
				SWIFT_EMIT_LOC_STRINGS = NO;
				SWIFT_VERSION = 5.0;
				TARGETED_DEVICE_FAMILY = "1,2";
				TEST_HOST = "$(BUILT_PRODUCTS_DIR)/SimpleApp.app/$(BUNDLE_EXECUTABLE_FOLDER_PATH)/SimpleApp";
			};
			name = Release;
		};
		B67361202B32ED010049C906 /* Debug */ = {
			isa = XCBuildConfiguration;
			buildSettings = {
				ALWAYS_EMBED_SWIFT_STANDARD_LIBRARIES = YES;
				CODE_SIGN_STYLE = Automatic;
				CURRENT_PROJECT_VERSION = 1;
				GENERATE_INFOPLIST_FILE = YES;
				MARKETING_VERSION = 1.0;
				PRODUCT_BUNDLE_IDENTIFIER = com.jonathanwager.SimpleAppUITests;
				PRODUCT_NAME = "$(TARGET_NAME)";
				SWIFT_EMIT_LOC_STRINGS = NO;
				SWIFT_VERSION = 5.0;
				TARGETED_DEVICE_FAMILY = "1,2";
				TEST_TARGET_NAME = SimpleApp;
			};
			name = Debug;
		};
		B67361212B32ED010049C906 /* Release */ = {
			isa = XCBuildConfiguration;
			buildSettings = {
				ALWAYS_EMBED_SWIFT_STANDARD_LIBRARIES = YES;
				CODE_SIGN_STYLE = Automatic;
				CURRENT_PROJECT_VERSION = 1;
				GENERATE_INFOPLIST_FILE = YES;
				MARKETING_VERSION = 1.0;
				PRODUCT_BUNDLE_IDENTIFIER = com.jonathanwager.SimpleAppUITests;
				PRODUCT_NAME = "$(TARGET_NAME)";
				SWIFT_EMIT_LOC_STRINGS = NO;
				SWIFT_VERSION = 5.0;
				TARGETED_DEVICE_FAMILY = "1,2";
				TEST_TARGET_NAME = SimpleApp;
			};
			name = Release;
		};
/* End XCBuildConfiguration section */

/* Begin XCConfigurationList section */
		B67360F02B32ED000049C906 /* Build configuration list for PBXProject "SimpleApp" */ = {
			isa = XCConfigurationList;
			buildConfigurations = (
				B67361172B32ED010049C906 /* Debug */,
				B67361182B32ED010049C906 /* Release */,
			);
			defaultConfigurationIsVisible = 0;
			defaultConfigurationName = Release;
		};
		B67361192B32ED010049C906 /* Build configuration list for PBXNativeTarget "SimpleApp" */ = {
			isa = XCConfigurationList;
			buildConfigurations = (
				B673611A2B32ED010049C906 /* Debug */,
				B673611B2B32ED010049C906 /* Release */,
			);
			defaultConfigurationIsVisible = 0;
			defaultConfigurationName = Release;
		};
		B673611C2B32ED010049C906 /* Build configuration list for PBXNativeTarget "SimpleAppTests" */ = {
			isa = XCConfigurationList;
			buildConfigurations = (
				B673611D2B32ED010049C906 /* Debug */,
				B673611E2B32ED010049C906 /* Release */,
			);
			defaultConfigurationIsVisible = 0;
			defaultConfigurationName = Release;
		};
		B673611F2B32ED010049C906 /* Build configuration list for PBXNativeTarget "SimpleAppUITests" */ = {
			isa = XCConfigurationList;
			buildConfigurations = (
				B67361202B32ED010049C906 /* Debug */,
				B67361212B32ED010049C906 /* Release */,
			);
			defaultConfigurationIsVisible = 0;
			defaultConfigurationName = Release;
		};
/* End XCConfigurationList section */
	};
	rootObject = B67360ED2B32ED000049C906 /* Project object */;
}
